// !$*UTF8*$!
{
	archiveVersion = 1;
	classes = {
	};
	objectVersion = 56;
	objects = {

/* Begin PBXBuildFile section */
		D0433EAB2B6FFBE500CB6CBC /* HourlyForecastCollectionViewCell.xib in Resources */ = {isa = PBXBuildFile; fileRef = D0433EAA2B6FFBE500CB6CBC /* HourlyForecastCollectionViewCell.xib */; };
		D0433EAD2B6FFCD500CB6CBC /* HourlyForecastTableViewCell.swift in Sources */ = {isa = PBXBuildFile; fileRef = D0433EAC2B6FFCD500CB6CBC /* HourlyForecastTableViewCell.swift */; };
		D0433EAF2B6FFD2F00CB6CBC /* HourlyForecastCollectionViewCell.swift in Sources */ = {isa = PBXBuildFile; fileRef = D0433EAE2B6FFD2F00CB6CBC /* HourlyForecastCollectionViewCell.swift */; };
		D0811C192B6CD8390075BD67 /* ForecastHeaderCell.xib in Resources */ = {isa = PBXBuildFile; fileRef = D0811C182B6CD8390075BD67 /* ForecastHeaderCell.xib */; };
		D0811C1B2B6CD8580075BD67 /* ForecastHeaderCell.swift in Sources */ = {isa = PBXBuildFile; fileRef = D0811C1A2B6CD8580075BD67 /* ForecastHeaderCell.swift */; };
		D0811C1E2B6D09110075BD67 /* StringConstants.swift in Sources */ = {isa = PBXBuildFile; fileRef = D0811C1D2B6D09110075BD67 /* StringConstants.swift */; };
		D0811C202B6D0EEA0075BD67 /* Identifiers.swift in Sources */ = {isa = PBXBuildFile; fileRef = D0811C1F2B6D0EEA0075BD67 /* Identifiers.swift */; };
		D0811C222B6D1FF10075BD67 /* ApiRouter.swift in Sources */ = {isa = PBXBuildFile; fileRef = D0811C212B6D1FF10075BD67 /* ApiRouter.swift */; };
		D0811C242B6D4E600075BD67 /* SearchCityViewController.swift in Sources */ = {isa = PBXBuildFile; fileRef = D0811C232B6D4E600075BD67 /* SearchCityViewController.swift */; };
		D0811C262B6DEC150075BD67 /* SearchCityViewModel.swift in Sources */ = {isa = PBXBuildFile; fileRef = D0811C252B6DEC150075BD67 /* SearchCityViewModel.swift */; };
		D0811C282B6E14DA0075BD67 /* SearchCityModel.swift in Sources */ = {isa = PBXBuildFile; fileRef = D0811C272B6E14DA0075BD67 /* SearchCityModel.swift */; };
		D0811C2A2B6E1CC50075BD67 /* SearchCityTableViewCell.swift in Sources */ = {isa = PBXBuildFile; fileRef = D0811C292B6E1CC50075BD67 /* SearchCityTableViewCell.swift */; };
		D0811C2C2B6E4CB60075BD67 /* TableviewExtension.swift in Sources */ = {isa = PBXBuildFile; fileRef = D0811C2B2B6E4CB60075BD67 /* TableviewExtension.swift */; };
		D0811C2E2B6F53330075BD67 /* NetworkReachability.swift in Sources */ = {isa = PBXBuildFile; fileRef = D0811C2D2B6F53330075BD67 /* NetworkReachability.swift */; };
		D0811C302B6F5F600075BD67 /* AppUtils.swift in Sources */ = {isa = PBXBuildFile; fileRef = D0811C2F2B6F5F600075BD67 /* AppUtils.swift */; };
		D0811C322B6F78AA0075BD67 /* AppAlert.swift in Sources */ = {isa = PBXBuildFile; fileRef = D0811C312B6F78AA0075BD67 /* AppAlert.swift */; };
		D0811C362B6F7BA30075BD67 /* ApplicationExtension.swift in Sources */ = {isa = PBXBuildFile; fileRef = D0811C352B6F7BA30075BD67 /* ApplicationExtension.swift */; };
		D0811C382B6F8C7C0075BD67 /* ErrorModel.swift in Sources */ = {isa = PBXBuildFile; fileRef = D0811C372B6F8C7C0075BD67 /* ErrorModel.swift */; };
		D0AA38302B6FA04100D84A69 /* Toast.swift in Sources */ = {isa = PBXBuildFile; fileRef = D0AA382F2B6FA04100D84A69 /* Toast.swift */; };
		D0C635372B6963690027F596 /* AppDelegate.swift in Sources */ = {isa = PBXBuildFile; fileRef = D0C635362B6963690027F596 /* AppDelegate.swift */; };
		D0C635392B6963690027F596 /* SceneDelegate.swift in Sources */ = {isa = PBXBuildFile; fileRef = D0C635382B6963690027F596 /* SceneDelegate.swift */; };
		D0C6353E2B6963690027F596 /* Main.storyboard in Resources */ = {isa = PBXBuildFile; fileRef = D0C6353C2B6963690027F596 /* Main.storyboard */; };
		D0C635402B69636B0027F596 /* Assets.xcassets in Resources */ = {isa = PBXBuildFile; fileRef = D0C6353F2B69636B0027F596 /* Assets.xcassets */; };
		D0C635432B69636B0027F596 /* LaunchScreen.storyboard in Resources */ = {isa = PBXBuildFile; fileRef = D0C635412B69636B0027F596 /* LaunchScreen.storyboard */; };
		D0C6354C2B6A1B580027F596 /* WeatherViewController.swift in Sources */ = {isa = PBXBuildFile; fileRef = D0C6354B2B6A1B580027F596 /* WeatherViewController.swift */; };
		D0C635502B6A1BCB0027F596 /* WeatherViewModel.swift in Sources */ = {isa = PBXBuildFile; fileRef = D0C6354F2B6A1BCB0027F596 /* WeatherViewModel.swift */; };
		D0C635522B6A601D0027F596 /* WeatherModel.swift in Sources */ = {isa = PBXBuildFile; fileRef = D0C635512B6A601D0027F596 /* WeatherModel.swift */; };
		D0C635552B6BBC730027F596 /* ForecastTableViewCell.swift in Sources */ = {isa = PBXBuildFile; fileRef = D0C635542B6BBC730027F596 /* ForecastTableViewCell.swift */; };
		D0C635582B6BC3430027F596 /* StringExtension.swift in Sources */ = {isa = PBXBuildFile; fileRef = D0C635572B6BC3430027F596 /* StringExtension.swift */; };
		D0C6355A2B6BC3590027F596 /* DateExtension.swift in Sources */ = {isa = PBXBuildFile; fileRef = D0C635592B6BC3590027F596 /* DateExtension.swift */; };
		D0C6355C2B6BC46F0027F596 /* DoubleExtension.swift in Sources */ = {isa = PBXBuildFile; fileRef = D0C6355B2B6BC46F0027F596 /* DoubleExtension.swift */; };
		D0E030DA2B6FCE2C009CFFA7 /* FontExtension.swift in Sources */ = {isa = PBXBuildFile; fileRef = D0E030D92B6FCE2C009CFFA7 /* FontExtension.swift */; };
		D0E030E22B6FCEA3009CFFA7 /* SF-UI-Display-Bold.otf in Resources */ = {isa = PBXBuildFile; fileRef = D0E030DC2B6FCEA3009CFFA7 /* SF-UI-Display-Bold.otf */; };
		D0E030E32B6FCEA3009CFFA7 /* SF-UI-Display-Heavy.otf in Resources */ = {isa = PBXBuildFile; fileRef = D0E030DD2B6FCEA3009CFFA7 /* SF-UI-Display-Heavy.otf */; };
		D0E030E42B6FCEA3009CFFA7 /* SF-UI-Display-Semibold.otf in Resources */ = {isa = PBXBuildFile; fileRef = D0E030DE2B6FCEA3009CFFA7 /* SF-UI-Display-Semibold.otf */; };
		D0E030E52B6FCEA3009CFFA7 /* SF-UI-Display-Medium.otf in Resources */ = {isa = PBXBuildFile; fileRef = D0E030DF2B6FCEA3009CFFA7 /* SF-UI-Display-Medium.otf */; };
		D0E030E62B6FCEA3009CFFA7 /* SF-UI-Display-Light.otf in Resources */ = {isa = PBXBuildFile; fileRef = D0E030E02B6FCEA3009CFFA7 /* SF-UI-Display-Light.otf */; };
		D0E030E72B6FCEA3009CFFA7 /* SF-UI-Display-Regular.otf in Resources */ = {isa = PBXBuildFile; fileRef = D0E030E12B6FCEA3009CFFA7 /* SF-UI-Display-Regular.otf */; };
		D0E030E92B6FFA6C009CFFA7 /* HourlyForecastTableViewCell.xib in Resources */ = {isa = PBXBuildFile; fileRef = D0E030E82B6FFA6C009CFFA7 /* HourlyForecastTableViewCell.xib */; };
		D9FD26F32673B3FF9F923AFC /* Pods_sampleWeatherApp.framework in Frameworks */ = {isa = PBXBuildFile; fileRef = E2E05E5CE925B96CA2D22868 /* Pods_sampleWeatherApp.framework */; };
/* End PBXBuildFile section */

/* Begin PBXFileReference section */
		23D94D673625BFEF8C7D7235 /* Pods-sampleWeatherApp.debug.xcconfig */ = {isa = PBXFileReference; includeInIndex = 1; lastKnownFileType = text.xcconfig; name = "Pods-sampleWeatherApp.debug.xcconfig"; path = "Target Support Files/Pods-sampleWeatherApp/Pods-sampleWeatherApp.debug.xcconfig"; sourceTree = "<group>"; };
		6693EC634CEE681AB47F12F5 /* Pods-sampleWeatherApp.release.xcconfig */ = {isa = PBXFileReference; includeInIndex = 1; lastKnownFileType = text.xcconfig; name = "Pods-sampleWeatherApp.release.xcconfig"; path = "Target Support Files/Pods-sampleWeatherApp/Pods-sampleWeatherApp.release.xcconfig"; sourceTree = "<group>"; };
		D0433EAA2B6FFBE500CB6CBC /* HourlyForecastCollectionViewCell.xib */ = {isa = PBXFileReference; lastKnownFileType = file.xib; path = HourlyForecastCollectionViewCell.xib; sourceTree = "<group>"; };
		D0433EAC2B6FFCD500CB6CBC /* HourlyForecastTableViewCell.swift */ = {isa = PBXFileReference; lastKnownFileType = sourcecode.swift; path = HourlyForecastTableViewCell.swift; sourceTree = "<group>"; };
		D0433EAE2B6FFD2F00CB6CBC /* HourlyForecastCollectionViewCell.swift */ = {isa = PBXFileReference; lastKnownFileType = sourcecode.swift; path = HourlyForecastCollectionViewCell.swift; sourceTree = "<group>"; };
		D0811C182B6CD8390075BD67 /* ForecastHeaderCell.xib */ = {isa = PBXFileReference; lastKnownFileType = file.xib; path = ForecastHeaderCell.xib; sourceTree = "<group>"; };
		D0811C1A2B6CD8580075BD67 /* ForecastHeaderCell.swift */ = {isa = PBXFileReference; lastKnownFileType = sourcecode.swift; path = ForecastHeaderCell.swift; sourceTree = "<group>"; };
		D0811C1D2B6D09110075BD67 /* StringConstants.swift */ = {isa = PBXFileReference; lastKnownFileType = sourcecode.swift; path = StringConstants.swift; sourceTree = "<group>"; };
		D0811C1F2B6D0EEA0075BD67 /* Identifiers.swift */ = {isa = PBXFileReference; lastKnownFileType = sourcecode.swift; path = Identifiers.swift; sourceTree = "<group>"; };
		D0811C212B6D1FF10075BD67 /* ApiRouter.swift */ = {isa = PBXFileReference; lastKnownFileType = sourcecode.swift; path = ApiRouter.swift; sourceTree = "<group>"; };
		D0811C232B6D4E600075BD67 /* SearchCityViewController.swift */ = {isa = PBXFileReference; lastKnownFileType = sourcecode.swift; path = SearchCityViewController.swift; sourceTree = "<group>"; };
		D0811C252B6DEC150075BD67 /* SearchCityViewModel.swift */ = {isa = PBXFileReference; lastKnownFileType = sourcecode.swift; path = SearchCityViewModel.swift; sourceTree = "<group>"; };
		D0811C272B6E14DA0075BD67 /* SearchCityModel.swift */ = {isa = PBXFileReference; lastKnownFileType = sourcecode.swift; path = SearchCityModel.swift; sourceTree = "<group>"; };
		D0811C292B6E1CC50075BD67 /* SearchCityTableViewCell.swift */ = {isa = PBXFileReference; lastKnownFileType = sourcecode.swift; path = SearchCityTableViewCell.swift; sourceTree = "<group>"; };
		D0811C2B2B6E4CB60075BD67 /* TableviewExtension.swift */ = {isa = PBXFileReference; lastKnownFileType = sourcecode.swift; path = TableviewExtension.swift; sourceTree = "<group>"; };
		D0811C2D2B6F53330075BD67 /* NetworkReachability.swift */ = {isa = PBXFileReference; lastKnownFileType = sourcecode.swift; path = NetworkReachability.swift; sourceTree = "<group>"; };
		D0811C2F2B6F5F600075BD67 /* AppUtils.swift */ = {isa = PBXFileReference; lastKnownFileType = sourcecode.swift; path = AppUtils.swift; sourceTree = "<group>"; };
		D0811C312B6F78AA0075BD67 /* AppAlert.swift */ = {isa = PBXFileReference; lastKnownFileType = sourcecode.swift; path = AppAlert.swift; sourceTree = "<group>"; };
		D0811C352B6F7BA30075BD67 /* ApplicationExtension.swift */ = {isa = PBXFileReference; lastKnownFileType = sourcecode.swift; path = ApplicationExtension.swift; sourceTree = "<group>"; };
		D0811C372B6F8C7C0075BD67 /* ErrorModel.swift */ = {isa = PBXFileReference; lastKnownFileType = sourcecode.swift; path = ErrorModel.swift; sourceTree = "<group>"; };
		D0AA382F2B6FA04100D84A69 /* Toast.swift */ = {isa = PBXFileReference; lastKnownFileType = sourcecode.swift; path = Toast.swift; sourceTree = "<group>"; };
		D0C635332B6963690027F596 /* sampleWeatherApp.app */ = {isa = PBXFileReference; explicitFileType = wrapper.application; includeInIndex = 0; path = sampleWeatherApp.app; sourceTree = BUILT_PRODUCTS_DIR; };
		D0C635362B6963690027F596 /* AppDelegate.swift */ = {isa = PBXFileReference; lastKnownFileType = sourcecode.swift; path = AppDelegate.swift; sourceTree = "<group>"; };
		D0C635382B6963690027F596 /* SceneDelegate.swift */ = {isa = PBXFileReference; lastKnownFileType = sourcecode.swift; path = SceneDelegate.swift; sourceTree = "<group>"; };
		D0C6353D2B6963690027F596 /* Base */ = {isa = PBXFileReference; lastKnownFileType = file.storyboard; name = Base; path = Base.lproj/Main.storyboard; sourceTree = "<group>"; };
		D0C6353F2B69636B0027F596 /* Assets.xcassets */ = {isa = PBXFileReference; lastKnownFileType = folder.assetcatalog; path = Assets.xcassets; sourceTree = "<group>"; };
		D0C635422B69636B0027F596 /* Base */ = {isa = PBXFileReference; lastKnownFileType = file.storyboard; name = Base; path = Base.lproj/LaunchScreen.storyboard; sourceTree = "<group>"; };
		D0C635442B69636B0027F596 /* Info.plist */ = {isa = PBXFileReference; lastKnownFileType = text.plist.xml; path = Info.plist; sourceTree = "<group>"; };
		D0C6354B2B6A1B580027F596 /* WeatherViewController.swift */ = {isa = PBXFileReference; lastKnownFileType = sourcecode.swift; path = WeatherViewController.swift; sourceTree = "<group>"; };
		D0C6354F2B6A1BCB0027F596 /* WeatherViewModel.swift */ = {isa = PBXFileReference; lastKnownFileType = sourcecode.swift; path = WeatherViewModel.swift; sourceTree = "<group>"; };
		D0C635512B6A601D0027F596 /* WeatherModel.swift */ = {isa = PBXFileReference; lastKnownFileType = sourcecode.swift; path = WeatherModel.swift; sourceTree = "<group>"; };
		D0C635542B6BBC730027F596 /* ForecastTableViewCell.swift */ = {isa = PBXFileReference; lastKnownFileType = sourcecode.swift; path = ForecastTableViewCell.swift; sourceTree = "<group>"; };
		D0C635572B6BC3430027F596 /* StringExtension.swift */ = {isa = PBXFileReference; lastKnownFileType = sourcecode.swift; path = StringExtension.swift; sourceTree = "<group>"; };
		D0C635592B6BC3590027F596 /* DateExtension.swift */ = {isa = PBXFileReference; lastKnownFileType = sourcecode.swift; path = DateExtension.swift; sourceTree = "<group>"; };
		D0C6355B2B6BC46F0027F596 /* DoubleExtension.swift */ = {isa = PBXFileReference; lastKnownFileType = sourcecode.swift; path = DoubleExtension.swift; sourceTree = "<group>"; };
		D0E030D92B6FCE2C009CFFA7 /* FontExtension.swift */ = {isa = PBXFileReference; lastKnownFileType = sourcecode.swift; path = FontExtension.swift; sourceTree = "<group>"; };
		D0E030DC2B6FCEA3009CFFA7 /* SF-UI-Display-Bold.otf */ = {isa = PBXFileReference; lastKnownFileType = file; path = "SF-UI-Display-Bold.otf"; sourceTree = "<group>"; };
		D0E030DD2B6FCEA3009CFFA7 /* SF-UI-Display-Heavy.otf */ = {isa = PBXFileReference; lastKnownFileType = file; path = "SF-UI-Display-Heavy.otf"; sourceTree = "<group>"; };
		D0E030DE2B6FCEA3009CFFA7 /* SF-UI-Display-Semibold.otf */ = {isa = PBXFileReference; lastKnownFileType = file; path = "SF-UI-Display-Semibold.otf"; sourceTree = "<group>"; };
		D0E030DF2B6FCEA3009CFFA7 /* SF-UI-Display-Medium.otf */ = {isa = PBXFileReference; lastKnownFileType = file; path = "SF-UI-Display-Medium.otf"; sourceTree = "<group>"; };
		D0E030E02B6FCEA3009CFFA7 /* SF-UI-Display-Light.otf */ = {isa = PBXFileReference; lastKnownFileType = file; path = "SF-UI-Display-Light.otf"; sourceTree = "<group>"; };
		D0E030E12B6FCEA3009CFFA7 /* SF-UI-Display-Regular.otf */ = {isa = PBXFileReference; lastKnownFileType = file; path = "SF-UI-Display-Regular.otf"; sourceTree = "<group>"; };
		D0E030E82B6FFA6C009CFFA7 /* HourlyForecastTableViewCell.xib */ = {isa = PBXFileReference; lastKnownFileType = file.xib; path = HourlyForecastTableViewCell.xib; sourceTree = "<group>"; };
		E2E05E5CE925B96CA2D22868 /* Pods_sampleWeatherApp.framework */ = {isa = PBXFileReference; explicitFileType = wrapper.framework; includeInIndex = 0; path = Pods_sampleWeatherApp.framework; sourceTree = BUILT_PRODUCTS_DIR; };
/* End PBXFileReference section */

/* Begin PBXFrameworksBuildPhase section */
		D0C635302B6963690027F596 /* Frameworks */ = {
			isa = PBXFrameworksBuildPhase;
			buildActionMask = 2147483647;
			files = (
				D9FD26F32673B3FF9F923AFC /* Pods_sampleWeatherApp.framework in Frameworks */,
			);
			runOnlyForDeploymentPostprocessing = 0;
		};
/* End PBXFrameworksBuildPhase section */

/* Begin PBXGroup section */
		31F9087C429BE78CB6F166F8 /* Pods */ = {
			isa = PBXGroup;
			children = (
				23D94D673625BFEF8C7D7235 /* Pods-sampleWeatherApp.debug.xcconfig */,
				6693EC634CEE681AB47F12F5 /* Pods-sampleWeatherApp.release.xcconfig */,
			);
			path = Pods;
			sourceTree = "<group>";
		};
		997A2F92927F34C0820FF4C4 /* Frameworks */ = {
			isa = PBXGroup;
			children = (
				E2E05E5CE925B96CA2D22868 /* Pods_sampleWeatherApp.framework */,
			);
			name = Frameworks;
			sourceTree = "<group>";
		};
		D0811C1C2B6D08D60075BD67 /* Common */ = {
			isa = PBXGroup;
			children = (
				D0811C1D2B6D09110075BD67 /* StringConstants.swift */,
				D0811C1F2B6D0EEA0075BD67 /* Identifiers.swift */,
				D0811C212B6D1FF10075BD67 /* ApiRouter.swift */,
				D0811C2D2B6F53330075BD67 /* NetworkReachability.swift */,
				D0811C2F2B6F5F600075BD67 /* AppUtils.swift */,
				D0811C312B6F78AA0075BD67 /* AppAlert.swift */,
				D0AA382F2B6FA04100D84A69 /* Toast.swift */,
			);
			path = Common;
			sourceTree = "<group>";
		};
		D0C6352A2B6963690027F596 = {
			isa = PBXGroup;
			children = (
				D0C635352B6963690027F596 /* sampleWeatherApp */,
				D0C635342B6963690027F596 /* Products */,
				31F9087C429BE78CB6F166F8 /* Pods */,
				997A2F92927F34C0820FF4C4 /* Frameworks */,
			);
			sourceTree = "<group>";
		};
		D0C635342B6963690027F596 /* Products */ = {
			isa = PBXGroup;
			children = (
				D0C635332B6963690027F596 /* sampleWeatherApp.app */,
			);
			name = Products;
			sourceTree = "<group>";
		};
		D0C635352B6963690027F596 /* sampleWeatherApp */ = {
			isa = PBXGroup;
			children = (
				D0E030DB2B6FCE78009CFFA7 /* Resources */,
				D0811C1C2B6D08D60075BD67 /* Common */,
				D0C635562B6BC3250027F596 /* Extensions */,
				D0C635532B6BBB1E0027F596 /* TableCells */,
				D0C6354D2B6A1B9C0027F596 /* Models */,
				D0C6354A2B6A1AB90027F596 /* ViewControllers */,
				D0C635362B6963690027F596 /* AppDelegate.swift */,
				D0C635382B6963690027F596 /* SceneDelegate.swift */,
				D0C6353C2B6963690027F596 /* Main.storyboard */,
				D0C6353F2B69636B0027F596 /* Assets.xcassets */,
				D0C635412B69636B0027F596 /* LaunchScreen.storyboard */,
				D0C635442B69636B0027F596 /* Info.plist */,
			);
			path = sampleWeatherApp;
			sourceTree = "<group>";
		};
		D0C6354A2B6A1AB90027F596 /* ViewControllers */ = {
			isa = PBXGroup;
			children = (
				D0C6354B2B6A1B580027F596 /* WeatherViewController.swift */,
				D0811C232B6D4E600075BD67 /* SearchCityViewController.swift */,
			);
			path = ViewControllers;
			sourceTree = "<group>";
		};
		D0C6354D2B6A1B9C0027F596 /* Models */ = {
			isa = PBXGroup;
			children = (
				D0C6354E2B6A1BA90027F596 /* ViewModels */,
				D0C635512B6A601D0027F596 /* WeatherModel.swift */,
				D0811C272B6E14DA0075BD67 /* SearchCityModel.swift */,
				D0811C372B6F8C7C0075BD67 /* ErrorModel.swift */,
			);
			path = Models;
			sourceTree = "<group>";
		};
		D0C6354E2B6A1BA90027F596 /* ViewModels */ = {
			isa = PBXGroup;
			children = (
				D0C6354F2B6A1BCB0027F596 /* WeatherViewModel.swift */,
				D0811C252B6DEC150075BD67 /* SearchCityViewModel.swift */,
			);
			path = ViewModels;
			sourceTree = "<group>";
		};
		D0C635532B6BBB1E0027F596 /* TableCells */ = {
			isa = PBXGroup;
			children = (
				D0C635542B6BBC730027F596 /* ForecastTableViewCell.swift */,
				D0811C182B6CD8390075BD67 /* ForecastHeaderCell.xib */,
				D0811C1A2B6CD8580075BD67 /* ForecastHeaderCell.swift */,
				D0811C292B6E1CC50075BD67 /* SearchCityTableViewCell.swift */,
				D0E030E82B6FFA6C009CFFA7 /* HourlyForecastTableViewCell.xib */,
				D0433EAA2B6FFBE500CB6CBC /* HourlyForecastCollectionViewCell.xib */,
				D0433EAC2B6FFCD500CB6CBC /* HourlyForecastTableViewCell.swift */,
				D0433EAE2B6FFD2F00CB6CBC /* HourlyForecastCollectionViewCell.swift */,
			);
			path = TableCells;
			sourceTree = "<group>";
		};
		D0C635562B6BC3250027F596 /* Extensions */ = {
			isa = PBXGroup;
			children = (
				D0C635572B6BC3430027F596 /* StringExtension.swift */,
				D0C635592B6BC3590027F596 /* DateExtension.swift */,
				D0C6355B2B6BC46F0027F596 /* DoubleExtension.swift */,
				D0811C2B2B6E4CB60075BD67 /* TableviewExtension.swift */,
				D0811C352B6F7BA30075BD67 /* ApplicationExtension.swift */,
				D0E030D92B6FCE2C009CFFA7 /* FontExtension.swift */,
			);
			path = Extensions;
			sourceTree = "<group>";
		};
		D0E030DB2B6FCE78009CFFA7 /* Resources */ = {
			isa = PBXGroup;
			children = (
				D0E030DC2B6FCEA3009CFFA7 /* SF-UI-Display-Bold.otf */,
				D0E030DD2B6FCEA3009CFFA7 /* SF-UI-Display-Heavy.otf */,
				D0E030E02B6FCEA3009CFFA7 /* SF-UI-Display-Light.otf */,
				D0E030DF2B6FCEA3009CFFA7 /* SF-UI-Display-Medium.otf */,
				D0E030E12B6FCEA3009CFFA7 /* SF-UI-Display-Regular.otf */,
				D0E030DE2B6FCEA3009CFFA7 /* SF-UI-Display-Semibold.otf */,
			);
			path = Resources;
			sourceTree = "<group>";
		};
/* End PBXGroup section */

/* Begin PBXNativeTarget section */
		D0C635322B6963690027F596 /* sampleWeatherApp */ = {
			isa = PBXNativeTarget;
			buildConfigurationList = D0C635472B69636B0027F596 /* Build configuration list for PBXNativeTarget "sampleWeatherApp" */;
			buildPhases = (
				9B9532BC7022DD5A75CB83FF /* [CP] Check Pods Manifest.lock */,
				D0C6352F2B6963690027F596 /* Sources */,
				D0C635302B6963690027F596 /* Frameworks */,
				D0C635312B6963690027F596 /* Resources */,
				2B57DB2CA13F65B76009D672 /* [CP] Embed Pods Frameworks */,
			);
			buildRules = (
			);
			dependencies = (
			);
			name = sampleWeatherApp;
			productName = sampleWeatherApp;
			productReference = D0C635332B6963690027F596 /* sampleWeatherApp.app */;
			productType = "com.apple.product-type.application";
		};
/* End PBXNativeTarget section */

/* Begin PBXProject section */
		D0C6352B2B6963690027F596 /* Project object */ = {
			isa = PBXProject;
			attributes = {
				BuildIndependentTargetsInParallel = 1;
				LastSwiftUpdateCheck = 1520;
				LastUpgradeCheck = 1520;
				TargetAttributes = {
					D0C635322B6963690027F596 = {
						CreatedOnToolsVersion = 15.2;
					};
				};
			};
			buildConfigurationList = D0C6352E2B6963690027F596 /* Build configuration list for PBXProject "sampleWeatherApp" */;
			compatibilityVersion = "Xcode 14.0";
			developmentRegion = en;
			hasScannedForEncodings = 0;
			knownRegions = (
				en,
				Base,
			);
			mainGroup = D0C6352A2B6963690027F596;
			productRefGroup = D0C635342B6963690027F596 /* Products */;
			projectDirPath = "";
			projectRoot = "";
			targets = (
				D0C635322B6963690027F596 /* sampleWeatherApp */,
			);
		};
/* End PBXProject section */

/* Begin PBXResourcesBuildPhase section */
		D0C635312B6963690027F596 /* Resources */ = {
			isa = PBXResourcesBuildPhase;
			buildActionMask = 2147483647;
			files = (
				D0E030E92B6FFA6C009CFFA7 /* HourlyForecastTableViewCell.xib in Resources */,
				D0E030E42B6FCEA3009CFFA7 /* SF-UI-Display-Semibold.otf in Resources */,
				D0C635432B69636B0027F596 /* LaunchScreen.storyboard in Resources */,
				D0E030E72B6FCEA3009CFFA7 /* SF-UI-Display-Regular.otf in Resources */,
				D0E030E32B6FCEA3009CFFA7 /* SF-UI-Display-Heavy.otf in Resources */,
				D0E030E22B6FCEA3009CFFA7 /* SF-UI-Display-Bold.otf in Resources */,
				D0433EAB2B6FFBE500CB6CBC /* HourlyForecastCollectionViewCell.xib in Resources */,
				D0E030E52B6FCEA3009CFFA7 /* SF-UI-Display-Medium.otf in Resources */,
				D0E030E62B6FCEA3009CFFA7 /* SF-UI-Display-Light.otf in Resources */,
				D0C635402B69636B0027F596 /* Assets.xcassets in Resources */,
				D0C6353E2B6963690027F596 /* Main.storyboard in Resources */,
				D0811C192B6CD8390075BD67 /* ForecastHeaderCell.xib in Resources */,
			);
			runOnlyForDeploymentPostprocessing = 0;
		};
/* End PBXResourcesBuildPhase section */

/* Begin PBXShellScriptBuildPhase section */
		2B57DB2CA13F65B76009D672 /* [CP] Embed Pods Frameworks */ = {
			isa = PBXShellScriptBuildPhase;
			buildActionMask = 2147483647;
			files = (
			);
			inputFileListPaths = (
				"${PODS_ROOT}/Target Support Files/Pods-sampleWeatherApp/Pods-sampleWeatherApp-frameworks-${CONFIGURATION}-input-files.xcfilelist",
			);
			name = "[CP] Embed Pods Frameworks";
			outputFileListPaths = (
				"${PODS_ROOT}/Target Support Files/Pods-sampleWeatherApp/Pods-sampleWeatherApp-frameworks-${CONFIGURATION}-output-files.xcfilelist",
			);
			runOnlyForDeploymentPostprocessing = 0;
			shellPath = /bin/sh;
			shellScript = "\"${PODS_ROOT}/Target Support Files/Pods-sampleWeatherApp/Pods-sampleWeatherApp-frameworks.sh\"\n";
			showEnvVarsInLog = 0;
		};
		9B9532BC7022DD5A75CB83FF /* [CP] Check Pods Manifest.lock */ = {
			isa = PBXShellScriptBuildPhase;
			buildActionMask = 2147483647;
			files = (
			);
			inputFileListPaths = (
			);
			inputPaths = (
				"${PODS_PODFILE_DIR_PATH}/Podfile.lock",
				"${PODS_ROOT}/Manifest.lock",
			);
			name = "[CP] Check Pods Manifest.lock";
			outputFileListPaths = (
			);
			outputPaths = (
				"$(DERIVED_FILE_DIR)/Pods-sampleWeatherApp-checkManifestLockResult.txt",
			);
			runOnlyForDeploymentPostprocessing = 0;
			shellPath = /bin/sh;
			shellScript = "diff \"${PODS_PODFILE_DIR_PATH}/Podfile.lock\" \"${PODS_ROOT}/Manifest.lock\" > /dev/null\nif [ $? != 0 ] ; then\n    # print error to STDERR\n    echo \"error: The sandbox is not in sync with the Podfile.lock. Run 'pod install' or update your CocoaPods installation.\" >&2\n    exit 1\nfi\n# This output is used by Xcode 'outputs' to avoid re-running this script phase.\necho \"SUCCESS\" > \"${SCRIPT_OUTPUT_FILE_0}\"\n";
			showEnvVarsInLog = 0;
		};
/* End PBXShellScriptBuildPhase section */

/* Begin PBXSourcesBuildPhase section */
		D0C6352F2B6963690027F596 /* Sources */ = {
			isa = PBXSourcesBuildPhase;
			buildActionMask = 2147483647;
			files = (
				D0E030DA2B6FCE2C009CFFA7 /* FontExtension.swift in Sources */,
				D0811C1B2B6CD8580075BD67 /* ForecastHeaderCell.swift in Sources */,
				D0C6355C2B6BC46F0027F596 /* DoubleExtension.swift in Sources */,
				D0811C282B6E14DA0075BD67 /* SearchCityModel.swift in Sources */,
				D0433EAF2B6FFD2F00CB6CBC /* HourlyForecastCollectionViewCell.swift in Sources */,
				D0811C382B6F8C7C0075BD67 /* ErrorModel.swift in Sources */,
				D0C6354C2B6A1B580027F596 /* WeatherViewController.swift in Sources */,
				D0811C362B6F7BA30075BD67 /* ApplicationExtension.swift in Sources */,
				D0C635372B6963690027F596 /* AppDelegate.swift in Sources */,
				D0C635392B6963690027F596 /* SceneDelegate.swift in Sources */,
				D0811C242B6D4E600075BD67 /* SearchCityViewController.swift in Sources */,
				D0C6355A2B6BC3590027F596 /* DateExtension.swift in Sources */,
				D0C635582B6BC3430027F596 /* StringExtension.swift in Sources */,
				D0AA38302B6FA04100D84A69 /* Toast.swift in Sources */,
				D0811C1E2B6D09110075BD67 /* StringConstants.swift in Sources */,
				D0811C2C2B6E4CB60075BD67 /* TableviewExtension.swift in Sources */,
				D0811C302B6F5F600075BD67 /* AppUtils.swift in Sources */,
				D0811C202B6D0EEA0075BD67 /* Identifiers.swift in Sources */,
				D0433EAD2B6FFCD500CB6CBC /* HourlyForecastTableViewCell.swift in Sources */,
				D0C635522B6A601D0027F596 /* WeatherModel.swift in Sources */,
				D0C635552B6BBC730027F596 /* ForecastTableViewCell.swift in Sources */,
				D0811C2A2B6E1CC50075BD67 /* SearchCityTableViewCell.swift in Sources */,
				D0C635502B6A1BCB0027F596 /* WeatherViewModel.swift in Sources */,
				D0811C322B6F78AA0075BD67 /* AppAlert.swift in Sources */,
				D0811C222B6D1FF10075BD67 /* ApiRouter.swift in Sources */,
				D0811C262B6DEC150075BD67 /* SearchCityViewModel.swift in Sources */,
				D0811C2E2B6F53330075BD67 /* NetworkReachability.swift in Sources */,
			);
			runOnlyForDeploymentPostprocessing = 0;
		};
/* End PBXSourcesBuildPhase section */

/* Begin PBXVariantGroup section */
		D0C6353C2B6963690027F596 /* Main.storyboard */ = {
			isa = PBXVariantGroup;
			children = (
				D0C6353D2B6963690027F596 /* Base */,
			);
			name = Main.storyboard;
			sourceTree = "<group>";
		};
		D0C635412B69636B0027F596 /* LaunchScreen.storyboard */ = {
			isa = PBXVariantGroup;
			children = (
				D0C635422B69636B0027F596 /* Base */,
			);
			name = LaunchScreen.storyboard;
			sourceTree = "<group>";
		};
/* End PBXVariantGroup section */

/* Begin XCBuildConfiguration section */
		D0C635452B69636B0027F596 /* Debug */ = {
			isa = XCBuildConfiguration;
			buildSettings = {
				ALWAYS_SEARCH_USER_PATHS = NO;
				ASSETCATALOG_COMPILER_GENERATE_SWIFT_ASSET_SYMBOL_EXTENSIONS = YES;
				CLANG_ANALYZER_NONNULL = YES;
				CLANG_ANALYZER_NUMBER_OBJECT_CONVERSION = YES_AGGRESSIVE;
				CLANG_CXX_LANGUAGE_STANDARD = "gnu++20";
				CLANG_ENABLE_MODULES = YES;
				CLANG_ENABLE_OBJC_ARC = YES;
				CLANG_ENABLE_OBJC_WEAK = YES;
				CLANG_WARN_BLOCK_CAPTURE_AUTORELEASING = YES;
				CLANG_WARN_BOOL_CONVERSION = YES;
				CLANG_WARN_COMMA = YES;
				CLANG_WARN_CONSTANT_CONVERSION = YES;
				CLANG_WARN_DEPRECATED_OBJC_IMPLEMENTATIONS = YES;
				CLANG_WARN_DIRECT_OBJC_ISA_USAGE = YES_ERROR;
				CLANG_WARN_DOCUMENTATION_COMMENTS = YES;
				CLANG_WARN_EMPTY_BODY = YES;
				CLANG_WARN_ENUM_CONVERSION = YES;
				CLANG_WARN_INFINITE_RECURSION = YES;
				CLANG_WARN_INT_CONVERSION = YES;
				CLANG_WARN_NON_LITERAL_NULL_CONVERSION = YES;
				CLANG_WARN_OBJC_IMPLICIT_RETAIN_SELF = YES;
				CLANG_WARN_OBJC_LITERAL_CONVERSION = YES;
				CLANG_WARN_OBJC_ROOT_CLASS = YES_ERROR;
				CLANG_WARN_QUOTED_INCLUDE_IN_FRAMEWORK_HEADER = YES;
				CLANG_WARN_RANGE_LOOP_ANALYSIS = YES;
				CLANG_WARN_STRICT_PROTOTYPES = YES;
				CLANG_WARN_SUSPICIOUS_MOVE = YES;
				CLANG_WARN_UNGUARDED_AVAILABILITY = YES_AGGRESSIVE;
				CLANG_WARN_UNREACHABLE_CODE = YES;
				CLANG_WARN__DUPLICATE_METHOD_MATCH = YES;
				COPY_PHASE_STRIP = NO;
				DEBUG_INFORMATION_FORMAT = dwarf;
				ENABLE_STRICT_OBJC_MSGSEND = YES;
				ENABLE_TESTABILITY = YES;
				ENABLE_USER_SCRIPT_SANDBOXING = YES;
				GCC_C_LANGUAGE_STANDARD = gnu17;
				GCC_DYNAMIC_NO_PIC = NO;
				GCC_NO_COMMON_BLOCKS = YES;
				GCC_OPTIMIZATION_LEVEL = 0;
				GCC_PREPROCESSOR_DEFINITIONS = (
					"DEBUG=1",
					"$(inherited)",
				);
				GCC_WARN_64_TO_32_BIT_CONVERSION = YES;
				GCC_WARN_ABOUT_RETURN_TYPE = YES_ERROR;
				GCC_WARN_UNDECLARED_SELECTOR = YES;
				GCC_WARN_UNINITIALIZED_AUTOS = YES_AGGRESSIVE;
				GCC_WARN_UNUSED_FUNCTION = YES;
				GCC_WARN_UNUSED_VARIABLE = YES;
				IPHONEOS_DEPLOYMENT_TARGET = 17.2;
				LOCALIZATION_PREFERS_STRING_CATALOGS = YES;
				MTL_ENABLE_DEBUG_INFO = INCLUDE_SOURCE;
				MTL_FAST_MATH = YES;
				ONLY_ACTIVE_ARCH = YES;
				SDKROOT = iphoneos;
				SWIFT_ACTIVE_COMPILATION_CONDITIONS = "DEBUG $(inherited)";
				SWIFT_OPTIMIZATION_LEVEL = "-Onone";
			};
			name = Debug;
		};
		D0C635462B69636B0027F596 /* Release */ = {
			isa = XCBuildConfiguration;
			buildSettings = {
				ALWAYS_SEARCH_USER_PATHS = NO;
				ASSETCATALOG_COMPILER_GENERATE_SWIFT_ASSET_SYMBOL_EXTENSIONS = YES;
				CLANG_ANALYZER_NONNULL = YES;
				CLANG_ANALYZER_NUMBER_OBJECT_CONVERSION = YES_AGGRESSIVE;
				CLANG_CXX_LANGUAGE_STANDARD = "gnu++20";
				CLANG_ENABLE_MODULES = YES;
				CLANG_ENABLE_OBJC_ARC = YES;
				CLANG_ENABLE_OBJC_WEAK = YES;
				CLANG_WARN_BLOCK_CAPTURE_AUTORELEASING = YES;
				CLANG_WARN_BOOL_CONVERSION = YES;
				CLANG_WARN_COMMA = YES;
				CLANG_WARN_CONSTANT_CONVERSION = YES;
				CLANG_WARN_DEPRECATED_OBJC_IMPLEMENTATIONS = YES;
				CLANG_WARN_DIRECT_OBJC_ISA_USAGE = YES_ERROR;
				CLANG_WARN_DOCUMENTATION_COMMENTS = YES;
				CLANG_WARN_EMPTY_BODY = YES;
				CLANG_WARN_ENUM_CONVERSION = YES;
				CLANG_WARN_INFINITE_RECURSION = YES;
				CLANG_WARN_INT_CONVERSION = YES;
				CLANG_WARN_NON_LITERAL_NULL_CONVERSION = YES;
				CLANG_WARN_OBJC_IMPLICIT_RETAIN_SELF = YES;
				CLANG_WARN_OBJC_LITERAL_CONVERSION = YES;
				CLANG_WARN_OBJC_ROOT_CLASS = YES_ERROR;
				CLANG_WARN_QUOTED_INCLUDE_IN_FRAMEWORK_HEADER = YES;
				CLANG_WARN_RANGE_LOOP_ANALYSIS = YES;
				CLANG_WARN_STRICT_PROTOTYPES = YES;
				CLANG_WARN_SUSPICIOUS_MOVE = YES;
				CLANG_WARN_UNGUARDED_AVAILABILITY = YES_AGGRESSIVE;
				CLANG_WARN_UNREACHABLE_CODE = YES;
				CLANG_WARN__DUPLICATE_METHOD_MATCH = YES;
				COPY_PHASE_STRIP = NO;
				DEBUG_INFORMATION_FORMAT = "dwarf-with-dsym";
				ENABLE_NS_ASSERTIONS = NO;
				ENABLE_STRICT_OBJC_MSGSEND = YES;
				ENABLE_USER_SCRIPT_SANDBOXING = YES;
				GCC_C_LANGUAGE_STANDARD = gnu17;
				GCC_NO_COMMON_BLOCKS = YES;
				GCC_WARN_64_TO_32_BIT_CONVERSION = YES;
				GCC_WARN_ABOUT_RETURN_TYPE = YES_ERROR;
				GCC_WARN_UNDECLARED_SELECTOR = YES;
				GCC_WARN_UNINITIALIZED_AUTOS = YES_AGGRESSIVE;
				GCC_WARN_UNUSED_FUNCTION = YES;
				GCC_WARN_UNUSED_VARIABLE = YES;
				IPHONEOS_DEPLOYMENT_TARGET = 17.2;
				LOCALIZATION_PREFERS_STRING_CATALOGS = YES;
				MTL_ENABLE_DEBUG_INFO = NO;
				MTL_FAST_MATH = YES;
				SDKROOT = iphoneos;
				SWIFT_COMPILATION_MODE = wholemodule;
				VALIDATE_PRODUCT = YES;
			};
			name = Release;
		};
		D0C635482B69636B0027F596 /* Debug */ = {
			isa = XCBuildConfiguration;
			baseConfigurationReference = 23D94D673625BFEF8C7D7235 /* Pods-sampleWeatherApp.debug.xcconfig */;
			buildSettings = {
				ASSETCATALOG_COMPILER_APPICON_NAME = AppIcon;
				ASSETCATALOG_COMPILER_GLOBAL_ACCENT_COLOR_NAME = AccentColor;
				CODE_SIGN_IDENTITY = "Apple Development";
				CODE_SIGN_STYLE = Automatic;
				CURRENT_PROJECT_VERSION = 1;
				DEVELOPMENT_TEAM = "";
				ENABLE_USER_SCRIPT_SANDBOXING = NO;
				GENERATE_INFOPLIST_FILE = YES;
				INFOPLIST_FILE = sampleWeatherApp/Info.plist;
				INFOPLIST_KEY_NSLocationAlwaysAndWhenInUseUsageDescription = "Weather app requires current location";
				INFOPLIST_KEY_NSLocationAlwaysUsageDescription = "Weather app requires current location";
				INFOPLIST_KEY_NSLocationWhenInUseUsageDescription = "Weather app requires current location";
				INFOPLIST_KEY_UIApplicationSupportsIndirectInputEvents = YES;
				INFOPLIST_KEY_UILaunchStoryboardName = LaunchScreen;
				INFOPLIST_KEY_UIMainStoryboardFile = Main;
				INFOPLIST_KEY_UIStatusBarStyle = "";
				INFOPLIST_KEY_UISupportedInterfaceOrientations = UIInterfaceOrientationPortrait;
				IPHONEOS_DEPLOYMENT_TARGET = 13.0;
				LD_RUNPATH_SEARCH_PATHS = (
					"$(inherited)",
					"@executable_path/Frameworks",
				);
				MARKETING_VERSION = 1.0;
				PRODUCT_BUNDLE_IDENTIFIER = sample.sampleWeatherApp;
				PRODUCT_NAME = "$(TARGET_NAME)";
				PROVISIONING_PROFILE_SPECIFIER = "";
				SWIFT_EMIT_LOC_STRINGS = YES;
				SWIFT_VERSION = 5.0;
				TARGETED_DEVICE_FAMILY = "1,2";
			};
			name = Debug;
		};
		D0C635492B69636B0027F596 /* Release */ = {
			isa = XCBuildConfiguration;
			baseConfigurationReference = 6693EC634CEE681AB47F12F5 /* Pods-sampleWeatherApp.release.xcconfig */;
			buildSettings = {
				ASSETCATALOG_COMPILER_APPICON_NAME = AppIcon;
				ASSETCATALOG_COMPILER_GLOBAL_ACCENT_COLOR_NAME = AccentColor;
				CODE_SIGN_IDENTITY = "Apple Development";
				CODE_SIGN_STYLE = Automatic;
				CURRENT_PROJECT_VERSION = 1;
				DEVELOPMENT_TEAM = "";
				ENABLE_USER_SCRIPT_SANDBOXING = NO;
				GENERATE_INFOPLIST_FILE = YES;
				INFOPLIST_FILE = sampleWeatherApp/Info.plist;
				INFOPLIST_KEY_NSLocationAlwaysAndWhenInUseUsageDescription = "Weather app requires current location";
				INFOPLIST_KEY_NSLocationAlwaysUsageDescription = "Weather app requires current location";
				INFOPLIST_KEY_NSLocationWhenInUseUsageDescription = "Weather app requires current location";
				INFOPLIST_KEY_UIApplicationSupportsIndirectInputEvents = YES;
				INFOPLIST_KEY_UILaunchStoryboardName = LaunchScreen;
				INFOPLIST_KEY_UIMainStoryboardFile = Main;
				INFOPLIST_KEY_UIStatusBarStyle = "";
				INFOPLIST_KEY_UISupportedInterfaceOrientations = UIInterfaceOrientationPortrait;
				IPHONEOS_DEPLOYMENT_TARGET = 13.0;
				LD_RUNPATH_SEARCH_PATHS = (
					"$(inherited)",
					"@executable_path/Frameworks",
				);
				MARKETING_VERSION = 1.0;
				PRODUCT_BUNDLE_IDENTIFIER = sample.sampleWeatherApp;
				PRODUCT_NAME = "$(TARGET_NAME)";
				PROVISIONING_PROFILE_SPECIFIER = "";
				SWIFT_EMIT_LOC_STRINGS = YES;
				SWIFT_VERSION = 5.0;
				TARGETED_DEVICE_FAMILY = "1,2";
			};
			name = Release;
		};
/* End XCBuildConfiguration section */

/* Begin XCConfigurationList section */
		D0C6352E2B6963690027F596 /* Build configuration list for PBXProject "sampleWeatherApp" */ = {
			isa = XCConfigurationList;
			buildConfigurations = (
				D0C635452B69636B0027F596 /* Debug */,
				D0C635462B69636B0027F596 /* Release */,
			);
			defaultConfigurationIsVisible = 0;
			defaultConfigurationName = Release;
		};
		D0C635472B69636B0027F596 /* Build configuration list for PBXNativeTarget "sampleWeatherApp" */ = {
			isa = XCConfigurationList;
			buildConfigurations = (
				D0C635482B69636B0027F596 /* Debug */,
				D0C635492B69636B0027F596 /* Release */,
			);
			defaultConfigurationIsVisible = 0;
			defaultConfigurationName = Release;
		};
/* End XCConfigurationList section */
	};
	rootObject = D0C6352B2B6963690027F596 /* Project object */;
}
